
Microsoft Visual Studio Solution File, Format Version 12.00
# Visual Studio 15
VisualStudioVersion = 15.0.28307.106
MinimumVisualStudioVersion = 10.0.40219.1
Project("{2150E333-8FDC-42A3-9474-1A3956D46DE8}") = "Emanuel", "Emanuel", "{C0CD7EBA-AECC-4975-B161-560562319C6E}"
EndProject
Project("{2150E333-8FDC-42A3-9474-1A3956D46DE8}") = "Syon", "Syon", "{99B3F4DE-C7A0-401A-AF04-D104A6898412}"
EndProject
Project("{FAE04EC0-301F-11D3-BF4B-00C04F79EFBC}") = "SoundSharpMVC", "Emanuel\SoundSharpMVC\SoundSharpMVC.csproj", "{7FC676D3-133E-45EC-94D5-1FBE7451CE2E}"
EndProject
Project("{FAE04EC0-301F-11D3-BF4B-00C04F79EFBC}") = "SoundSharp", "Syon\SoundSharp\SoundSharp.csproj", "{0CAE810B-0992-4D14-AA22-EC9235E03DB2}"
EndProject
Project("{FAE04EC0-301F-11D3-BF4B-00C04F79EFBC}") = "AudioDevices", "Syon\AudioDevices\AudioDevices.csproj", "{F0EC90C2-4D39-4529-92DC-7458CA0D1EA7}"
EndProject
Global
	GlobalSection(SolutionConfigurationPlatforms) = preSolution
		Debug|Any CPU = Debug|Any CPU
		Release|Any CPU = Release|Any CPU
	EndGlobalSection
	GlobalSection(ProjectConfigurationPlatforms) = postSolution
		{7FC676D3-133E-45EC-94D5-1FBE7451CE2E}.Debug|Any CPU.ActiveCfg = Debug|Any CPU
		{7FC676D3-133E-45EC-94D5-1FBE7451CE2E}.Debug|Any CPU.Build.0 = Debug|Any CPU
		{7FC676D3-133E-45EC-94D5-1FBE7451CE2E}.Release|Any CPU.ActiveCfg = Release|Any CPU
		{7FC676D3-133E-45EC-94D5-1FBE7451CE2E}.Release|Any CPU.Build.0 = Release|Any CPU
		{0CAE810B-0992-4D14-AA22-EC9235E03DB2}.Debug|Any CPU.ActiveCfg = Debug|Any CPU
		{0CAE810B-0992-4D14-AA22-EC9235E03DB2}.Debug|Any CPU.Build.0 = Debug|Any CPU
		{0CAE810B-0992-4D14-AA22-EC9235E03DB2}.Release|Any CPU.ActiveCfg = Release|Any CPU
		{0CAE810B-0992-4D14-AA22-EC9235E03DB2}.Release|Any CPU.Build.0 = Release|Any CPU
		{F0EC90C2-4D39-4529-92DC-7458CA0D1EA7}.Debug|Any CPU.ActiveCfg = Debug|Any CPU
		{F0EC90C2-4D39-4529-92DC-7458CA0D1EA7}.Debug|Any CPU.Build.0 = Debug|Any CPU
		{F0EC90C2-4D39-4529-92DC-7458CA0D1EA7}.Release|Any CPU.ActiveCfg = Release|Any CPU
		{F0EC90C2-4D39-4529-92DC-7458CA0D1EA7}.Release|Any CPU.Build.0 = Release|Any CPU
	EndGlobalSection
	GlobalSection(SolutionProperties) = preSolution
		HideSolutionNode = FALSE
	EndGlobalSection
	GlobalSection(NestedProjects) = preSolution
		{7FC676D3-133E-45EC-94D5-1FBE7451CE2E} = {C0CD7EBA-AECC-4975-B161-560562319C6E}
		{0CAE810B-0992-4D14-AA22-EC9235E03DB2} = {99B3F4DE-C7A0-401A-AF04-D104A6898412}
		{F0EC90C2-4D39-4529-92DC-7458CA0D1EA7} = {99B3F4DE-C7A0-401A-AF04-D104A6898412}
	EndGlobalSection
	GlobalSection(ExtensibilityGlobals) = postSolution
		SolutionGuid = {223757BB-D4C9-4F06-AB29-B856F1F27B34}
	EndGlobalSection
EndGlobal
