
Microsoft Visual Studio Solution File, Format Version 12.00
# Visual Studio 15
VisualStudioVersion = 15.0.28010.2041
MinimumVisualStudioVersion = 10.0.40219.1
Project("{FAE04EC0-301F-11D3-BF4B-00C04F79EFBC}") = "Opdracht_4_11", "Opdracht_4_11\Opdracht_4_11.csproj", "{6DDC7197-E097-49CF-B26A-42E47FA0C057}"
EndProject
Global
	GlobalSection(SolutionConfigurationPlatforms) = preSolution
		Debug|Any CPU = Debug|Any CPU
		Release|Any CPU = Release|Any CPU
	EndGlobalSection
	GlobalSection(ProjectConfigurationPlatforms) = postSolution
		{6DDC7197-E097-49CF-B26A-42E47FA0C057}.Debug|Any CPU.ActiveCfg = Debug|Any CPU
		{6DDC7197-E097-49CF-B26A-42E47FA0C057}.Debug|Any CPU.Build.0 = Debug|Any CPU
		{6DDC7197-E097-49CF-B26A-42E47FA0C057}.Release|Any CPU.ActiveCfg = Release|Any CPU
		{6DDC7197-E097-49CF-B26A-42E47FA0C057}.Release|Any CPU.Build.0 = Release|Any CPU
	EndGlobalSection
	GlobalSection(SolutionProperties) = preSolution
		HideSolutionNode = FALSE
	EndGlobalSection
	GlobalSection(ExtensibilityGlobals) = postSolution
		SolutionGuid = {AC6CFD78-9494-422C-A865-5BCAB424FF5B}
	EndGlobalSection
EndGlobal
