
Microsoft Visual Studio Solution File, Format Version 12.00
# Visual Studio 15
VisualStudioVersion = 15.0.28307.136
MinimumVisualStudioVersion = 10.0.40219.1
Project("{2150E333-8FDC-42A3-9474-1A3956D46DE8}") = "Syon", "Syon", "{45E2E55A-70DC-4C53-A169-D145FE740A46}"
EndProject
Project("{2150E333-8FDC-42A3-9474-1A3956D46DE8}") = "Emanuel", "Emanuel", "{92482349-B9BB-4324-A38A-68352825CFE3}"
EndProject
Project("{2150E333-8FDC-42A3-9474-1A3956D46DE8}") = "Vincent", "Vincent", "{24223362-E6CA-416C-BAC4-8B4CF83EA4CB}"
EndProject
Project("{2150E333-8FDC-42A3-9474-1A3956D46DE8}") = "Erel", "Erel", "{32915C57-9A13-4D1D-8039-B2E00523B7AA}"
EndProject
Project("{2150E333-8FDC-42A3-9474-1A3956D46DE8}") = "Rico", "Rico", "{7CB713D7-BC6D-4294-9F6A-CCCCA697F7B8}"
EndProject
Project("{FAE04EC0-301F-11D3-BF4B-00C04F79EFBC}") = "AudioDevices", "Emanuel\AudioDevices\AudioDevices.csproj", "{F0EC90C2-4D39-4529-92DC-7458CA0D1EA7}"
EndProject
Project("{FAE04EC0-301F-11D3-BF4B-00C04F79EFBC}") = "AudioDevices", "Erel\AudioDevices\AudioDevices.csproj", "{3CC67739-1321-4129-AC7A-38A8A959C856}"
EndProject
Project("{FAE04EC0-301F-11D3-BF4B-00C04F79EFBC}") = "AudioDevices", "Rico\AudioDevices\AudioDevices.csproj", "{4A9B9306-059A-41CE-AC2B-6686DE30CB26}"
EndProject
Project("{FAE04EC0-301F-11D3-BF4B-00C04F79EFBC}") = "AudioDevices", "Syon\AudioDevices\AudioDevices.csproj", "{D61AE587-C8C8-40C6-A22D-5CF332264B26}"
EndProject
Project("{FAE04EC0-301F-11D3-BF4B-00C04F79EFBC}") = "AudioDevices", "Vincent\AudioDevices\AudioDevices.csproj", "{8D5F3ABD-ADEB-45D9-9F06-0AF5E0FC81BE}"
EndProject
Project("{2150E333-8FDC-42A3-9474-1A3956D46DE8}") = "1Testing", "1Testing", "{EAC97CCF-543A-4384-85CB-0DE2A089EC0A}"
EndProject
Project("{FAE04EC0-301F-11D3-BF4B-00C04F79EFBC}") = "TEST", "1Testing\TEST\TEST.csproj", "{40B08034-C6CC-4EAE-B2F5-55B4B492FD14}"
EndProject
Project("{FAE04EC0-301F-11D3-BF4B-00C04F79EFBC}") = "Tester", "1Testing\Tester\Tester.csproj", "{720F4C9B-CA38-4A99-96D0-DB90A00C4928}"
EndProject
Project("{FAE04EC0-301F-11D3-BF4B-00C04F79EFBC}") = "Tester", "Emanuel\Tester\Tester.csproj", "{980A3FC8-B711-4371-8652-CD7BD8AB9C68}"
EndProject
Project("{FAE04EC0-301F-11D3-BF4B-00C04F79EFBC}") = "Tester", "Erel\Tester\Tester.csproj", "{CFC4AFE9-8C2D-4ECC-B7AE-88449C58851D}"
EndProject
Project("{FAE04EC0-301F-11D3-BF4B-00C04F79EFBC}") = "Tester", "Rico\Tester\Tester.csproj", "{AE98674A-FD8F-4672-A444-19B693F74A62}"
EndProject
Project("{FAE04EC0-301F-11D3-BF4B-00C04F79EFBC}") = "Tester", "Syon\Tester\Tester.csproj", "{7896B7BC-5CEA-4265-BC5F-F4EDEB30423E}"
EndProject
Project("{FAE04EC0-301F-11D3-BF4B-00C04F79EFBC}") = "Tester", "Vincent\Tester\Tester.csproj", "{A9A8AAFC-8B96-43D6-B2BB-8ADD180B8B42}"
EndProject
Global
	GlobalSection(SolutionConfigurationPlatforms) = preSolution
		Debug|Any CPU = Debug|Any CPU
		Release|Any CPU = Release|Any CPU
	EndGlobalSection
	GlobalSection(ProjectConfigurationPlatforms) = postSolution
		{F0EC90C2-4D39-4529-92DC-7458CA0D1EA7}.Debug|Any CPU.ActiveCfg = Debug|Any CPU
		{F0EC90C2-4D39-4529-92DC-7458CA0D1EA7}.Debug|Any CPU.Build.0 = Debug|Any CPU
		{F0EC90C2-4D39-4529-92DC-7458CA0D1EA7}.Release|Any CPU.ActiveCfg = Release|Any CPU
		{F0EC90C2-4D39-4529-92DC-7458CA0D1EA7}.Release|Any CPU.Build.0 = Release|Any CPU
		{3CC67739-1321-4129-AC7A-38A8A959C856}.Debug|Any CPU.ActiveCfg = Debug|Any CPU
		{3CC67739-1321-4129-AC7A-38A8A959C856}.Debug|Any CPU.Build.0 = Debug|Any CPU
		{3CC67739-1321-4129-AC7A-38A8A959C856}.Release|Any CPU.ActiveCfg = Release|Any CPU
		{3CC67739-1321-4129-AC7A-38A8A959C856}.Release|Any CPU.Build.0 = Release|Any CPU
		{4A9B9306-059A-41CE-AC2B-6686DE30CB26}.Debug|Any CPU.ActiveCfg = Debug|Any CPU
		{4A9B9306-059A-41CE-AC2B-6686DE30CB26}.Debug|Any CPU.Build.0 = Debug|Any CPU
		{4A9B9306-059A-41CE-AC2B-6686DE30CB26}.Release|Any CPU.ActiveCfg = Release|Any CPU
		{4A9B9306-059A-41CE-AC2B-6686DE30CB26}.Release|Any CPU.Build.0 = Release|Any CPU
		{D61AE587-C8C8-40C6-A22D-5CF332264B26}.Debug|Any CPU.ActiveCfg = Debug|Any CPU
		{D61AE587-C8C8-40C6-A22D-5CF332264B26}.Debug|Any CPU.Build.0 = Debug|Any CPU
		{D61AE587-C8C8-40C6-A22D-5CF332264B26}.Release|Any CPU.ActiveCfg = Release|Any CPU
		{D61AE587-C8C8-40C6-A22D-5CF332264B26}.Release|Any CPU.Build.0 = Release|Any CPU
		{8D5F3ABD-ADEB-45D9-9F06-0AF5E0FC81BE}.Debug|Any CPU.ActiveCfg = Debug|Any CPU
		{8D5F3ABD-ADEB-45D9-9F06-0AF5E0FC81BE}.Debug|Any CPU.Build.0 = Debug|Any CPU
		{8D5F3ABD-ADEB-45D9-9F06-0AF5E0FC81BE}.Release|Any CPU.ActiveCfg = Release|Any CPU
		{8D5F3ABD-ADEB-45D9-9F06-0AF5E0FC81BE}.Release|Any CPU.Build.0 = Release|Any CPU
		{40B08034-C6CC-4EAE-B2F5-55B4B492FD14}.Debug|Any CPU.ActiveCfg = Debug|Any CPU
		{40B08034-C6CC-4EAE-B2F5-55B4B492FD14}.Debug|Any CPU.Build.0 = Debug|Any CPU
		{40B08034-C6CC-4EAE-B2F5-55B4B492FD14}.Release|Any CPU.ActiveCfg = Release|Any CPU
		{40B08034-C6CC-4EAE-B2F5-55B4B492FD14}.Release|Any CPU.Build.0 = Release|Any CPU
		{720F4C9B-CA38-4A99-96D0-DB90A00C4928}.Debug|Any CPU.ActiveCfg = Debug|Any CPU
		{720F4C9B-CA38-4A99-96D0-DB90A00C4928}.Debug|Any CPU.Build.0 = Debug|Any CPU
		{720F4C9B-CA38-4A99-96D0-DB90A00C4928}.Release|Any CPU.ActiveCfg = Release|Any CPU
		{720F4C9B-CA38-4A99-96D0-DB90A00C4928}.Release|Any CPU.Build.0 = Release|Any CPU
		{980A3FC8-B711-4371-8652-CD7BD8AB9C68}.Debug|Any CPU.ActiveCfg = Debug|Any CPU
		{980A3FC8-B711-4371-8652-CD7BD8AB9C68}.Debug|Any CPU.Build.0 = Debug|Any CPU
		{980A3FC8-B711-4371-8652-CD7BD8AB9C68}.Release|Any CPU.ActiveCfg = Release|Any CPU
		{980A3FC8-B711-4371-8652-CD7BD8AB9C68}.Release|Any CPU.Build.0 = Release|Any CPU
		{CFC4AFE9-8C2D-4ECC-B7AE-88449C58851D}.Debug|Any CPU.ActiveCfg = Debug|Any CPU
		{CFC4AFE9-8C2D-4ECC-B7AE-88449C58851D}.Debug|Any CPU.Build.0 = Debug|Any CPU
		{CFC4AFE9-8C2D-4ECC-B7AE-88449C58851D}.Release|Any CPU.ActiveCfg = Release|Any CPU
		{CFC4AFE9-8C2D-4ECC-B7AE-88449C58851D}.Release|Any CPU.Build.0 = Release|Any CPU
		{AE98674A-FD8F-4672-A444-19B693F74A62}.Debug|Any CPU.ActiveCfg = Debug|Any CPU
		{AE98674A-FD8F-4672-A444-19B693F74A62}.Debug|Any CPU.Build.0 = Debug|Any CPU
		{AE98674A-FD8F-4672-A444-19B693F74A62}.Release|Any CPU.ActiveCfg = Release|Any CPU
		{AE98674A-FD8F-4672-A444-19B693F74A62}.Release|Any CPU.Build.0 = Release|Any CPU
		{7896B7BC-5CEA-4265-BC5F-F4EDEB30423E}.Debug|Any CPU.ActiveCfg = Debug|Any CPU
		{7896B7BC-5CEA-4265-BC5F-F4EDEB30423E}.Debug|Any CPU.Build.0 = Debug|Any CPU
		{7896B7BC-5CEA-4265-BC5F-F4EDEB30423E}.Release|Any CPU.ActiveCfg = Release|Any CPU
		{7896B7BC-5CEA-4265-BC5F-F4EDEB30423E}.Release|Any CPU.Build.0 = Release|Any CPU
		{A9A8AAFC-8B96-43D6-B2BB-8ADD180B8B42}.Debug|Any CPU.ActiveCfg = Debug|Any CPU
		{A9A8AAFC-8B96-43D6-B2BB-8ADD180B8B42}.Debug|Any CPU.Build.0 = Debug|Any CPU
		{A9A8AAFC-8B96-43D6-B2BB-8ADD180B8B42}.Release|Any CPU.ActiveCfg = Release|Any CPU
		{A9A8AAFC-8B96-43D6-B2BB-8ADD180B8B42}.Release|Any CPU.Build.0 = Release|Any CPU
	EndGlobalSection
	GlobalSection(SolutionProperties) = preSolution
		HideSolutionNode = FALSE
	EndGlobalSection
	GlobalSection(NestedProjects) = preSolution
		{F0EC90C2-4D39-4529-92DC-7458CA0D1EA7} = {92482349-B9BB-4324-A38A-68352825CFE3}
		{3CC67739-1321-4129-AC7A-38A8A959C856} = {32915C57-9A13-4D1D-8039-B2E00523B7AA}
		{4A9B9306-059A-41CE-AC2B-6686DE30CB26} = {7CB713D7-BC6D-4294-9F6A-CCCCA697F7B8}
		{D61AE587-C8C8-40C6-A22D-5CF332264B26} = {45E2E55A-70DC-4C53-A169-D145FE740A46}
		{8D5F3ABD-ADEB-45D9-9F06-0AF5E0FC81BE} = {24223362-E6CA-416C-BAC4-8B4CF83EA4CB}
		{40B08034-C6CC-4EAE-B2F5-55B4B492FD14} = {EAC97CCF-543A-4384-85CB-0DE2A089EC0A}
		{720F4C9B-CA38-4A99-96D0-DB90A00C4928} = {EAC97CCF-543A-4384-85CB-0DE2A089EC0A}
		{980A3FC8-B711-4371-8652-CD7BD8AB9C68} = {92482349-B9BB-4324-A38A-68352825CFE3}
		{CFC4AFE9-8C2D-4ECC-B7AE-88449C58851D} = {32915C57-9A13-4D1D-8039-B2E00523B7AA}
		{AE98674A-FD8F-4672-A444-19B693F74A62} = {7CB713D7-BC6D-4294-9F6A-CCCCA697F7B8}
		{7896B7BC-5CEA-4265-BC5F-F4EDEB30423E} = {45E2E55A-70DC-4C53-A169-D145FE740A46}
		{A9A8AAFC-8B96-43D6-B2BB-8ADD180B8B42} = {24223362-E6CA-416C-BAC4-8B4CF83EA4CB}
	EndGlobalSection
	GlobalSection(ExtensibilityGlobals) = postSolution
		SolutionGuid = {2F56A63C-1AA2-4C2C-BF43-363BF4BC7B87}
	EndGlobalSection
EndGlobal
